PODS:
  - Alamofire (4.7.0)
  - Gloss (2.0.0)
  - Moya (11.0.1):
    - Moya/Core (= 11.0.1)
  - Moya/Core (11.0.1):
    - Alamofire (~> 4.1)
    - Result (~> 3.0)
  - Result (3.2.4)

DEPENDENCIES:
  - Gloss (~> 2.0)
  - Moya (~> 11.0)

SPEC CHECKSUMS:
  Alamofire: 907e0a98eb68cdb7f9d1f541a563d6ac5dc77b25
  Gloss: b67617f327406adfd47adf20172d00680a3a31bd
  Moya: 3d594ada51a21cc02b18739ab578a1984f900c8a
  Result: d2d07204ce72856f1fd9130bbe42c35a7b0fea10

PODFILE CHECKSUM: 34176e0aaccb594cf9371c62bfb303bee942443c

COCOAPODS: 1.4.0
